
Microsoft Visual Studio Solution File, Format Version 12.00
# Visual Studio Version 16
VisualStudioVersion = 16.0.29613.14
MinimumVisualStudioVersion = 10.0.40219.1
Project("{FAE04EC0-301F-11D3-BF4B-00C04F79EFBC}") = "SampleAuthJWT", "SampleAuthJWT\SampleAuthJWT.csproj", "{B79625DB-2C44-4A5A-8357-5FA2C02CF256}"
EndProject
Global
	GlobalSection(SolutionConfigurationPlatforms) = preSolution
		Debug|Any CPU = Debug|Any CPU
		Release|Any CPU = Release|Any CPU
	EndGlobalSection
	GlobalSection(ProjectConfigurationPlatforms) = postSolution
		{B79625DB-2C44-4A5A-8357-5FA2C02CF256}.Debug|Any CPU.ActiveCfg = Debug|Any CPU
		{B79625DB-2C44-4A5A-8357-5FA2C02CF256}.Debug|Any CPU.Build.0 = Debug|Any CPU
		{B79625DB-2C44-4A5A-8357-5FA2C02CF256}.Release|Any CPU.ActiveCfg = Release|Any CPU
		{B79625DB-2C44-4A5A-8357-5FA2C02CF256}.Release|Any CPU.Build.0 = Release|Any CPU
	EndGlobalSection
	GlobalSection(SolutionProperties) = preSolution
		HideSolutionNode = FALSE
	EndGlobalSection
	GlobalSection(ExtensibilityGlobals) = postSolution
		SolutionGuid = {46C6DBB1-0173-46FA-B087-F73608D4D1DA}
	EndGlobalSection
EndGlobal
